
Microsoft Visual Studio Solution File, Format Version 12.00
# Visual Studio Version 17
VisualStudioVersion = 17.0.31912.275
MinimumVisualStudioVersion = 10.0.40219.1
Project("{FAE04EC0-301F-11D3-BF4B-00C04F79EFBC}") = "SF8Task1", "SF8Task1\SF8Task1.csproj", "{A5E388B5-6EC6-44CE-940E-A70B58CD6E17}"
EndProject
Global
	GlobalSection(SolutionConfigurationPlatforms) = preSolution
		Debug|Any CPU = Debug|Any CPU
		Release|Any CPU = Release|Any CPU
	EndGlobalSection
	GlobalSection(ProjectConfigurationPlatforms) = postSolution
		{A5E388B5-6EC6-44CE-940E-A70B58CD6E17}.Debug|Any CPU.ActiveCfg = Debug|Any CPU
		{A5E388B5-6EC6-44CE-940E-A70B58CD6E17}.Debug|Any CPU.Build.0 = Debug|Any CPU
		{A5E388B5-6EC6-44CE-940E-A70B58CD6E17}.Release|Any CPU.ActiveCfg = Release|Any CPU
		{A5E388B5-6EC6-44CE-940E-A70B58CD6E17}.Release|Any CPU.Build.0 = Release|Any CPU
	EndGlobalSection
	GlobalSection(SolutionProperties) = preSolution
		HideSolutionNode = FALSE
	EndGlobalSection
	GlobalSection(ExtensibilityGlobals) = postSolution
		SolutionGuid = {2C7E531A-54E9-47F0-946F-9DC5F8AD42C1}
	EndGlobalSection
EndGlobal
